
Microsoft Visual Studio Solution File, Format Version 12.00
# Visual Studio 15
VisualStudioVersion = 15.0.26730.15
MinimumVisualStudioVersion = 10.0.40219.1
Project("{8BC9CEB8-8B4A-11D0-8D11-00A0C91BC942}") = "HolaMundo", "HolaMundo\HolaMundo.vcxproj", "{341039FF-5A65-452B-8373-089F1270A1AB}"
EndProject
Project("{8BC9CEB8-8B4A-11D0-8D11-00A0C91BC942}") = "HelloTriangle", "HelloTriangle\HelloTriangle.vcxproj", "{3AEAF218-ECD2-469E-A8CE-8BE4BFBBA27C}"
EndProject
Project("{8BC9CEB8-8B4A-11D0-8D11-00A0C91BC942}") = "HelloQuad", "HelloQuad\HelloQuad.vcxproj", "{7399610A-52A2-4685-86D1-194A02D5BEA8}"
EndProject
Project("{8BC9CEB8-8B4A-11D0-8D11-00A0C91BC942}") = "HelloCube", "HelloCube\HelloCube.vcxproj", "{37447B8E-1572-448F-8F7C-82E016FC42B4}"
EndProject
Global
	GlobalSection(SolutionConfigurationPlatforms) = preSolution
		Debug|x64 = Debug|x64
		Debug|x86 = Debug|x86
		Release|x64 = Release|x64
		Release|x86 = Release|x86
	EndGlobalSection
	GlobalSection(ProjectConfigurationPlatforms) = postSolution
		{341039FF-5A65-452B-8373-089F1270A1AB}.Debug|x64.ActiveCfg = Debug|x64
		{341039FF-5A65-452B-8373-089F1270A1AB}.Debug|x64.Build.0 = Debug|x64
		{341039FF-5A65-452B-8373-089F1270A1AB}.Debug|x86.ActiveCfg = Debug|Win32
		{341039FF-5A65-452B-8373-089F1270A1AB}.Debug|x86.Build.0 = Debug|Win32
		{341039FF-5A65-452B-8373-089F1270A1AB}.Release|x64.ActiveCfg = Release|x64
		{341039FF-5A65-452B-8373-089F1270A1AB}.Release|x64.Build.0 = Release|x64
		{341039FF-5A65-452B-8373-089F1270A1AB}.Release|x86.ActiveCfg = Release|Win32
		{341039FF-5A65-452B-8373-089F1270A1AB}.Release|x86.Build.0 = Release|Win32
		{3AEAF218-ECD2-469E-A8CE-8BE4BFBBA27C}.Debug|x64.ActiveCfg = Debug|x64
		{3AEAF218-ECD2-469E-A8CE-8BE4BFBBA27C}.Debug|x64.Build.0 = Debug|x64
		{3AEAF218-ECD2-469E-A8CE-8BE4BFBBA27C}.Debug|x86.ActiveCfg = Debug|Win32
		{3AEAF218-ECD2-469E-A8CE-8BE4BFBBA27C}.Debug|x86.Build.0 = Debug|Win32
		{3AEAF218-ECD2-469E-A8CE-8BE4BFBBA27C}.Release|x64.ActiveCfg = Release|x64
		{3AEAF218-ECD2-469E-A8CE-8BE4BFBBA27C}.Release|x64.Build.0 = Release|x64
		{3AEAF218-ECD2-469E-A8CE-8BE4BFBBA27C}.Release|x86.ActiveCfg = Release|Win32
		{3AEAF218-ECD2-469E-A8CE-8BE4BFBBA27C}.Release|x86.Build.0 = Release|Win32
		{7399610A-52A2-4685-86D1-194A02D5BEA8}.Debug|x64.ActiveCfg = Debug|x64
		{7399610A-52A2-4685-86D1-194A02D5BEA8}.Debug|x64.Build.0 = Debug|x64
		{7399610A-52A2-4685-86D1-194A02D5BEA8}.Debug|x86.ActiveCfg = Debug|Win32
		{7399610A-52A2-4685-86D1-194A02D5BEA8}.Debug|x86.Build.0 = Debug|Win32
		{7399610A-52A2-4685-86D1-194A02D5BEA8}.Release|x64.ActiveCfg = Release|x64
		{7399610A-52A2-4685-86D1-194A02D5BEA8}.Release|x64.Build.0 = Release|x64
		{7399610A-52A2-4685-86D1-194A02D5BEA8}.Release|x86.ActiveCfg = Release|Win32
		{7399610A-52A2-4685-86D1-194A02D5BEA8}.Release|x86.Build.0 = Release|Win32
		{37447B8E-1572-448F-8F7C-82E016FC42B4}.Debug|x64.ActiveCfg = Debug|x64
		{37447B8E-1572-448F-8F7C-82E016FC42B4}.Debug|x64.Build.0 = Debug|x64
		{37447B8E-1572-448F-8F7C-82E016FC42B4}.Debug|x86.ActiveCfg = Debug|Win32
		{37447B8E-1572-448F-8F7C-82E016FC42B4}.Debug|x86.Build.0 = Debug|Win32
		{37447B8E-1572-448F-8F7C-82E016FC42B4}.Release|x64.ActiveCfg = Release|x64
		{37447B8E-1572-448F-8F7C-82E016FC42B4}.Release|x64.Build.0 = Release|x64
		{37447B8E-1572-448F-8F7C-82E016FC42B4}.Release|x86.ActiveCfg = Release|Win32
		{37447B8E-1572-448F-8F7C-82E016FC42B4}.Release|x86.Build.0 = Release|Win32
	EndGlobalSection
	GlobalSection(SolutionProperties) = preSolution
		HideSolutionNode = FALSE
	EndGlobalSection
	GlobalSection(ExtensibilityGlobals) = postSolution
		SolutionGuid = {5E904035-A4DA-476F-88BB-2F2E600E13E6}
	EndGlobalSection
EndGlobal
